
Microsoft Visual Studio Solution File, Format Version 12.00
# Visual Studio Version 16
VisualStudioVersion = 16.0.30114.105
MinimumVisualStudioVersion = 10.0.40219.1
Project("{FAE04EC0-301F-11D3-BF4B-00C04F79EFBC}") = "Sample.NBomber", "src\Sample.NBomber.csproj", "{B5875ECB-C4DC-4039-8945-90E073ECFE43}"
EndProject
Project("{FAE04EC0-301F-11D3-BF4B-00C04F79EFBC}") = "demo", "demo\demo.csproj", "{63BE07FE-B7BD-40C5-BFF1-D67678CBA6D9}"
EndProject
Global
	GlobalSection(SolutionConfigurationPlatforms) = preSolution
		Debug|Any CPU = Debug|Any CPU
		Release|Any CPU = Release|Any CPU
	EndGlobalSection
	GlobalSection(SolutionProperties) = preSolution
		HideSolutionNode = FALSE
	EndGlobalSection
	GlobalSection(ProjectConfigurationPlatforms) = postSolution
		{B5875ECB-C4DC-4039-8945-90E073ECFE43}.Debug|Any CPU.ActiveCfg = Debug|Any CPU
		{B5875ECB-C4DC-4039-8945-90E073ECFE43}.Debug|Any CPU.Build.0 = Debug|Any CPU
		{B5875ECB-C4DC-4039-8945-90E073ECFE43}.Release|Any CPU.ActiveCfg = Release|Any CPU
		{B5875ECB-C4DC-4039-8945-90E073ECFE43}.Release|Any CPU.Build.0 = Release|Any CPU
		{63BE07FE-B7BD-40C5-BFF1-D67678CBA6D9}.Debug|Any CPU.ActiveCfg = Debug|Any CPU
		{63BE07FE-B7BD-40C5-BFF1-D67678CBA6D9}.Debug|Any CPU.Build.0 = Debug|Any CPU
		{63BE07FE-B7BD-40C5-BFF1-D67678CBA6D9}.Release|Any CPU.ActiveCfg = Release|Any CPU
		{63BE07FE-B7BD-40C5-BFF1-D67678CBA6D9}.Release|Any CPU.Build.0 = Release|Any CPU
	EndGlobalSection
EndGlobal
